#MicroXplorer Configuration settings - do not modify
ADC1.AutoInjectedConv=DISABLE
ADC1.Channel-0\#ChannelRegularConversion=ADC_CHANNEL_10
ADC1.IPParameters=Rank-0\#ChannelRegularConversion,Channel-0\#ChannelRegularConversion,SamplingTime-0\#ChannelRegularConversion,NbrOfConversionFlag,AutoInjectedConv,InjectedDiscontinuousConvMode,master
ADC1.InjectedDiscontinuousConvMode=DISABLE
ADC1.NbrOfConversionFlag=1
ADC1.Rank-0\#ChannelRegularConversion=1
ADC1.SamplingTime-0\#ChannelRegularConversion=ADC_SAMPLETIME_1CYCLE_5
ADC1.master=1
File.Version=6
KeepUserPlacement=false
Mcu.Family=STM32F1
Mcu.IP0=ADC1
Mcu.IP1=NVIC
Mcu.IP2=RCC
Mcu.IP3=SYS
Mcu.IP4=TIM1
Mcu.IP5=TIM3
Mcu.IP6=TIM7
Mcu.IP7=USART3
Mcu.IPNb=8
Mcu.Name=STM32F103R(C-D-E)Tx
Mcu.Package=LQFP64
Mcu.Pin0=PC13-TAMPER-RTC
Mcu.Pin1=PD0-OSC_IN
Mcu.Pin10=PA9
Mcu.Pin11=PA11
Mcu.Pin12=PA15
Mcu.Pin13=PC10
Mcu.Pin14=PC11
Mcu.Pin15=PC12
Mcu.Pin16=PD2
Mcu.Pin17=PB3
Mcu.Pin18=PB4
Mcu.Pin19=VP_SYS_VS_ND
Mcu.Pin2=PD1-OSC_OUT
Mcu.Pin20=VP_SYS_VS_Systick
Mcu.Pin21=VP_TIM7_VS_ClockSourceINT
Mcu.Pin3=PC0
Mcu.Pin4=PA2
Mcu.Pin5=PC4
Mcu.Pin6=PC5
Mcu.Pin7=PB0
Mcu.Pin8=PB14
Mcu.Pin9=PC7
Mcu.PinsNb=22
Mcu.UserConstants=
Mcu.UserName=STM32F103RCTx
MxCube.Version=4.20.0
MxDb.Version=DB.4.0.200
NVIC.BusFault_IRQn=true\:0\:0\:false\:false\:true
NVIC.DebugMonitor_IRQn=true\:0\:0\:false\:false\:true
NVIC.HardFault_IRQn=true\:0\:0\:false\:false\:true
NVIC.MemoryManagement_IRQn=true\:0\:0\:false\:false\:true
NVIC.NonMaskableInt_IRQn=true\:0\:0\:false\:false\:true
NVIC.PendSV_IRQn=true\:0\:0\:false\:false\:true
NVIC.PriorityGroup=NVIC_PRIORITYGROUP_4
NVIC.SVCall_IRQn=true\:0\:0\:false\:false\:true
NVIC.SysTick_IRQn=true\:0\:0\:false\:false\:true
NVIC.TIM7_IRQn=true\:0\:0\:false\:false\:true
NVIC.UsageFault_IRQn=true\:0\:0\:false\:false\:true
PA11.Locked=true
PA11.Signal=GPIO_Output
PA15.Locked=true
PA15.Signal=GPIO_Output
PA2.Signal=ADCx_IN2
PA9.Locked=true
PA9.Signal=S_TIM1_CH2
PB0.Signal=ADCx_IN8
PB14.Locked=true
PB14.Mode=Output Compare2 CH2 CH2N
PB14.Signal=TIM1_CH2N
PB3.Locked=true
PB3.Signal=GPIO_Output
PB4.Locked=true
PB4.Signal=GPIO_Output
PC0.Signal=ADCx_IN10
PC10.Locked=true
PC10.Mode=Asynchronous
PC10.Signal=USART3_TX
PC11.Locked=true
PC11.Mode=Asynchronous
PC11.Signal=USART3_RX
PC12.Locked=true
PC12.Signal=GPIO_Output
PC13-TAMPER-RTC.Locked=true
PC13-TAMPER-RTC.Signal=GPIO_Output
PC4.Signal=ADCx_IN14
PC5.Signal=ADCx_IN15
PC7.Locked=true
PC7.Signal=S_TIM3_CH2
PCC.Checker=false
PCC.Line=STM32F103
PCC.MCU=STM32F103R(C-D-E)Tx
PCC.MXVersion=4.20.0
PCC.PartNumber=STM32F103RCTx
PCC.Seq0=0
PCC.Series=STM32F1
PCC.Temperature=25
PCC.Vdd=3.3
PD0-OSC_IN.Mode=HSE-External-Oscillator
PD0-OSC_IN.Signal=RCC_OSC_IN
PD1-OSC_OUT.Mode=HSE-External-Oscillator
PD1-OSC_OUT.Signal=RCC_OSC_OUT
PD2.Locked=true
PD2.Signal=GPIO_Output
RCC.APB1Freq_Value=8000000
RCC.APB2Freq_Value=8000000
RCC.ClockTypeHCLK=RCC_CLOCKTYPE_HCLK
RCC.ClockTypePCLK1=RCC_CLOCKTYPE_PCLK1
RCC.ClockTypePCLK2=RCC_CLOCKTYPE_PCLK2
RCC.EnableHSE=true
RCC.EnableHSERTCDevisor=false
RCC.EnableLSE=false
RCC.EnableLSERTC=false
RCC.EnableMCOMultDivisor=false
RCC.FamilyName=M
RCC.HSEState=RCC_HSE_ON
RCC.HSIState=RCC_HSI_ON
RCC.IPParameters=APB1Freq_Value,APB2Freq_Value,ClockTypeHCLK,ClockTypePCLK1,ClockTypePCLK2,EnableHSE,EnableHSERTCDevisor,EnableLSE,EnableLSERTC,EnableMCOMultDivisor,FamilyName,HSEState,HSIState,IWDGEnable,LSIState,MCOEnable,OscillatorTypeHSE,OscillatorTypeHSI,OscillatorTypeLSI,PLLCLKFreq_Value,PLLMCOFreq_Value,PLLSource,PLLSourceVirtual,PLLState,RTCEnable,TimSysFreq_Value
RCC.IWDGEnable=false
RCC.LSIState=RCC_LSI_OFF
RCC.MCOEnable=false
RCC.OscillatorTypeHSE=
RCC.OscillatorTypeHSI=RCC_OSCILLATORTYPE_HSI
RCC.OscillatorTypeLSI=
RCC.PLLCLKFreq_Value=8000000
RCC.PLLMCOFreq_Value=4000000
RCC.PLLSource=RCC_PLLSOURCE_HSI_DIV2
RCC.PLLSourceVirtual=RCC_PLLSOURCE_HSI_DIV2
RCC.PLLState=RCC_PLL_OFF
RCC.RTCEnable=false
RCC.TimSysFreq_Value=8000000
SH.ADCx_IN10.0=ADC1_IN10,IN10
SH.ADCx_IN10.ConfNb=1
SH.ADCx_IN14.0=ADC1_IN14,IN14
SH.ADCx_IN14.ConfNb=1
SH.ADCx_IN15.0=ADC1_IN15,IN15
SH.ADCx_IN15.ConfNb=1
SH.ADCx_IN2.0=ADC1_IN2,IN2
SH.ADCx_IN2.ConfNb=1
SH.ADCx_IN8.0=ADC1_IN8,IN8
SH.ADCx_IN8.ConfNb=1
SH.S_TIM1_CH2.0=TIM1_CH2,Output Compare2 CH2 CH2N
SH.S_TIM1_CH2.ConfNb=1
SH.S_TIM3_CH2.0=TIM3_CH2,Input_Capture2_from_TI2
SH.S_TIM3_CH2.ConfNb=1
TIM1.Channel-Output\ Compare2\ CH2\ CH2N=TIM_CHANNEL_2
TIM1.DefaultOCFastMode-Output\ Compare2\ CH2\ CH2N=TIM_OCFAST_DISABLE
TIM1.IPParameters=Channel-Output Compare2 CH2 CH2N,DefaultOCFastMode-Output Compare2 CH2 CH2N
TIM3.Channel-Input_Capture2_from_TI2=TIM_CHANNEL_2
TIM3.IPParameters=Channel-Input_Capture2_from_TI2
TIM7.IPParameters=TIM_MasterSlaveMode,Prescaler,Period
TIM7.Period=50
TIM7.Prescaler=71
TIM7.TIM_MasterSlaveMode=TIM_MASTERSLAVEMODE_DISABLE
USART3.HwFlowCtl-Asynchronous=UART_HWCONTROL_NONE
USART3.IPParameters=VirtualMode,HwFlowCtl-Asynchronous
USART3.VirtualMode=VM_ASYNC
VP_SYS_VS_ND.Mode=No_Debug
VP_SYS_VS_ND.Signal=SYS_VS_ND
VP_SYS_VS_Systick.Mode=SysTick
VP_SYS_VS_Systick.Signal=SYS_VS_Systick
VP_TIM7_VS_ClockSourceINT.Mode=Enable_Timer
VP_TIM7_VS_ClockSourceINT.Signal=TIM7_VS_ClockSourceINT
